
Microsoft Visual Studio Solution File, Format Version 12.00
# Visual Studio Version 16
VisualStudioVersion = 16.0.30011.22
MinimumVisualStudioVersion = 10.0.40219.1
Project("{FAE04EC0-301F-11D3-BF4B-00C04F79EFBC}") = "Myproyecto.Specs", "Myproyecto.Specs\Myproyecto.Specs.csproj", "{68B0B2E0-CF94-4791-B8B3-052A7FA29580}"
EndProject
Project("{FAE04EC0-301F-11D3-BF4B-00C04F79EFBC}") = "Example", "Example\Example.csproj", "{A1E67811-A404-4088-91DC-B20F8A2EAD4B}"
EndProject
Global
	GlobalSection(SolutionConfigurationPlatforms) = preSolution
		Debug|Any CPU = Debug|Any CPU
		Release|Any CPU = Release|Any CPU
	EndGlobalSection
	GlobalSection(ProjectConfigurationPlatforms) = postSolution
		{68B0B2E0-CF94-4791-B8B3-052A7FA29580}.Debug|Any CPU.ActiveCfg = Debug|Any CPU
		{68B0B2E0-CF94-4791-B8B3-052A7FA29580}.Debug|Any CPU.Build.0 = Debug|Any CPU
		{68B0B2E0-CF94-4791-B8B3-052A7FA29580}.Release|Any CPU.ActiveCfg = Release|Any CPU
		{68B0B2E0-CF94-4791-B8B3-052A7FA29580}.Release|Any CPU.Build.0 = Release|Any CPU
		{A1E67811-A404-4088-91DC-B20F8A2EAD4B}.Debug|Any CPU.ActiveCfg = Debug|Any CPU
		{A1E67811-A404-4088-91DC-B20F8A2EAD4B}.Debug|Any CPU.Build.0 = Debug|Any CPU
		{A1E67811-A404-4088-91DC-B20F8A2EAD4B}.Release|Any CPU.ActiveCfg = Release|Any CPU
		{A1E67811-A404-4088-91DC-B20F8A2EAD4B}.Release|Any CPU.Build.0 = Release|Any CPU
	EndGlobalSection
	GlobalSection(SolutionProperties) = preSolution
		HideSolutionNode = FALSE
	EndGlobalSection
	GlobalSection(ExtensibilityGlobals) = postSolution
		SolutionGuid = {BB63FE8B-D944-4AD9-B2DB-9B01BA1C45ED}
	EndGlobalSection
EndGlobal
